{"1.1.0",
[{<<"parse_trans">>,{pkg,<<"parse_trans">>,<<"3.3.0">>},1},
 {<<"parse_trans_problem_dep">>,
  {git,"git@github.com:tothlac/parse_trans_problem_dep.git",
       {ref,"3c68ddb2ceff0ea78ad88d472a80ba9c0fb454a5"}},
  0}]}.
[
{pkg_hash,[
 {<<"parse_trans">>, <<"09765507A3C7590A784615CFD421D101AEC25098D50B89D7AA1D66646BC571C1">>}]}
].
